
Microsoft Visual Studio Solution File, Format Version 12.00
# Visual Studio Version 16
VisualStudioVersion = 16.0.31613.86
MinimumVisualStudioVersion = 10.0.40219.1
Project("{FAE04EC0-301F-11D3-BF4B-00C04F79EFBC}") = "JokeLogger", "JokeLogger\JokeLogger.csproj", "{37082C56-0FC4-4CC3-8787-5772B5C74304}"
EndProject
Global
	GlobalSection(SolutionConfigurationPlatforms) = preSolution
		Debug|Any CPU = Debug|Any CPU
		Release|Any CPU = Release|Any CPU
	EndGlobalSection
	GlobalSection(ProjectConfigurationPlatforms) = postSolution
		{37082C56-0FC4-4CC3-8787-5772B5C74304}.Debug|Any CPU.ActiveCfg = Debug|Any CPU
		{37082C56-0FC4-4CC3-8787-5772B5C74304}.Debug|Any CPU.Build.0 = Debug|Any CPU
		{37082C56-0FC4-4CC3-8787-5772B5C74304}.Release|Any CPU.ActiveCfg = Release|Any CPU
		{37082C56-0FC4-4CC3-8787-5772B5C74304}.Release|Any CPU.Build.0 = Release|Any CPU
	EndGlobalSection
	GlobalSection(SolutionProperties) = preSolution
		HideSolutionNode = FALSE
	EndGlobalSection
	GlobalSection(ExtensibilityGlobals) = postSolution
		SolutionGuid = {2541A0B5-12D8-4091-8B10-F86A018999BA}
	EndGlobalSection
EndGlobal
